
Microsoft Visual Studio Solution File, Format Version 12.00
# Visual Studio Version 17
VisualStudioVersion = 17.10.35027.167
MinimumVisualStudioVersion = 10.0.40219.1
Project("{2150E333-8FDC-42A3-9474-1A3956D46DE8}") = "Solution Items", "Solution Items", "{20771AFD-7E1A-4DAF-BFB6-0671C1BD6170}"
	ProjectSection(SolutionItems) = preProject
		.editorconfig = .editorconfig
		.gitattributes = .gitattributes
		.gitignore = .gitignore
		LICENSE = LICENSE
		README.md = README.md
	EndProjectSection
EndProject
Project("{2150E333-8FDC-42A3-9474-1A3956D46DE8}") = "SharyFi.Server", "SharyFi.Server", "{E0747249-38BC-495D-B654-73CDB54EB377}"
EndProject
Project("{2150E333-8FDC-42A3-9474-1A3956D46DE8}") = "SharyFi.Common", "SharyFi.Common", "{FAE18521-5192-4ABD-9F76-5EE16C698436}"
EndProject
Project("{2150E333-8FDC-42A3-9474-1A3956D46DE8}") = "SharyFi.Cli", "SharyFi.Cli", "{01EDC77C-4D20-4ACD-9ACB-3A1C7A9D6897}"
EndProject
Project("{2150E333-8FDC-42A3-9474-1A3956D46DE8}") = "SharyFi.WinUI", "SharyFi.WinUI", "{3771DDF1-7701-4CEE-A888-F143E8178A06}"
EndProject
Project("{9A19103F-16F7-4668-BE54-9A1E7A4F7556}") = "SharyFi.Cli", "SharyFi.Cli\SharyFi.Cli\SharyFi.Cli.csproj", "{19E6921D-F4CB-46FC-BD73-682BE13189ED}"
EndProject
Project("{9A19103F-16F7-4668-BE54-9A1E7A4F7556}") = "SharyFi.Cli.Tests", "SharyFi.Cli\SharyFi.Cli.Tests\SharyFi.Cli.Tests.csproj", "{41B29770-692D-4A19-AD22-D4497E7307F4}"
EndProject
Project("{9A19103F-16F7-4668-BE54-9A1E7A4F7556}") = "SharyFi.Common", "SharyFi.Common\SharyFi.Common\SharyFi.Common.csproj", "{906C41AA-3BDB-42A3-BFF4-43473B1C580B}"
EndProject
Project("{9A19103F-16F7-4668-BE54-9A1E7A4F7556}") = "SharyFi.Common.Tests", "SharyFi.Common\SharyFi.Common.Tests\SharyFi.Common.Tests.csproj", "{E54CCBD4-9057-4A27-9EBF-6EEFECC6CC30}"
EndProject
Project("{9A19103F-16F7-4668-BE54-9A1E7A4F7556}") = "SharyFi.Server", "SharyFi.Server\SharyFi.Server\SharyFi.Server.csproj", "{9E63B243-EFD7-4EB1-9E5D-4619690A40C9}"
EndProject
Project("{9A19103F-16F7-4668-BE54-9A1E7A4F7556}") = "SharyFi.Server.Tests", "SharyFi.Server\SharyFi.Server.Tests\SharyFi.Server.Tests.csproj", "{94FD065B-4950-495E-ABA3-54B915CDAB8B}"
EndProject
Project("{9A19103F-16F7-4668-BE54-9A1E7A4F7556}") = "SharyFi.WinUI", "SharyFi.WinUI\SharyFi.WinUI\SharyFi.WinUI.csproj", "{D803DF8B-5A2F-407F-A274-B15254CF3046}"
EndProject
Project("{9A19103F-16F7-4668-BE54-9A1E7A4F7556}") = "SharyFi.WinUI.Tests", "SharyFi.WinUI\SharyFi.WinUI.Tests\SharyFi.WinUI.Tests.csproj", "{0C16CE9A-038C-411A-B3A6-33FFDFFFAEA6}"
EndProject
Global
	GlobalSection(SolutionConfigurationPlatforms) = preSolution
		Debug|Any CPU = Debug|Any CPU
		Debug|ARM64 = Debug|ARM64
		Debug|x64 = Debug|x64
		Debug|x86 = Debug|x86
		Release|Any CPU = Release|Any CPU
		Release|ARM64 = Release|ARM64
		Release|x64 = Release|x64
		Release|x86 = Release|x86
	EndGlobalSection
	GlobalSection(ProjectConfigurationPlatforms) = postSolution
		{19E6921D-F4CB-46FC-BD73-682BE13189ED}.Debug|Any CPU.ActiveCfg = Debug|Any CPU
		{19E6921D-F4CB-46FC-BD73-682BE13189ED}.Debug|Any CPU.Build.0 = Debug|Any CPU
		{19E6921D-F4CB-46FC-BD73-682BE13189ED}.Debug|ARM64.ActiveCfg = Debug|Any CPU
		{19E6921D-F4CB-46FC-BD73-682BE13189ED}.Debug|ARM64.Build.0 = Debug|Any CPU
		{19E6921D-F4CB-46FC-BD73-682BE13189ED}.Debug|x64.ActiveCfg = Debug|Any CPU
		{19E6921D-F4CB-46FC-BD73-682BE13189ED}.Debug|x64.Build.0 = Debug|Any CPU
		{19E6921D-F4CB-46FC-BD73-682BE13189ED}.Debug|x86.ActiveCfg = Debug|Any CPU
		{19E6921D-F4CB-46FC-BD73-682BE13189ED}.Debug|x86.Build.0 = Debug|Any CPU
		{19E6921D-F4CB-46FC-BD73-682BE13189ED}.Release|Any CPU.ActiveCfg = Release|Any CPU
		{19E6921D-F4CB-46FC-BD73-682BE13189ED}.Release|Any CPU.Build.0 = Release|Any CPU
		{19E6921D-F4CB-46FC-BD73-682BE13189ED}.Release|ARM64.ActiveCfg = Release|Any CPU
		{19E6921D-F4CB-46FC-BD73-682BE13189ED}.Release|ARM64.Build.0 = Release|Any CPU
		{19E6921D-F4CB-46FC-BD73-682BE13189ED}.Release|x64.ActiveCfg = Release|Any CPU
		{19E6921D-F4CB-46FC-BD73-682BE13189ED}.Release|x64.Build.0 = Release|Any CPU
		{19E6921D-F4CB-46FC-BD73-682BE13189ED}.Release|x86.ActiveCfg = Release|Any CPU
		{19E6921D-F4CB-46FC-BD73-682BE13189ED}.Release|x86.Build.0 = Release|Any CPU
		{41B29770-692D-4A19-AD22-D4497E7307F4}.Debug|Any CPU.ActiveCfg = Debug|Any CPU
		{41B29770-692D-4A19-AD22-D4497E7307F4}.Debug|Any CPU.Build.0 = Debug|Any CPU
		{41B29770-692D-4A19-AD22-D4497E7307F4}.Debug|ARM64.ActiveCfg = Debug|Any CPU
		{41B29770-692D-4A19-AD22-D4497E7307F4}.Debug|ARM64.Build.0 = Debug|Any CPU
		{41B29770-692D-4A19-AD22-D4497E7307F4}.Debug|x64.ActiveCfg = Debug|Any CPU
		{41B29770-692D-4A19-AD22-D4497E7307F4}.Debug|x64.Build.0 = Debug|Any CPU
		{41B29770-692D-4A19-AD22-D4497E7307F4}.Debug|x86.ActiveCfg = Debug|Any CPU
		{41B29770-692D-4A19-AD22-D4497E7307F4}.Debug|x86.Build.0 = Debug|Any CPU
		{41B29770-692D-4A19-AD22-D4497E7307F4}.Release|Any CPU.ActiveCfg = Release|Any CPU
		{41B29770-692D-4A19-AD22-D4497E7307F4}.Release|Any CPU.Build.0 = Release|Any CPU
		{41B29770-692D-4A19-AD22-D4497E7307F4}.Release|ARM64.ActiveCfg = Release|Any CPU
		{41B29770-692D-4A19-AD22-D4497E7307F4}.Release|ARM64.Build.0 = Release|Any CPU
		{41B29770-692D-4A19-AD22-D4497E7307F4}.Release|x64.ActiveCfg = Release|Any CPU
		{41B29770-692D-4A19-AD22-D4497E7307F4}.Release|x64.Build.0 = Release|Any CPU
		{41B29770-692D-4A19-AD22-D4497E7307F4}.Release|x86.ActiveCfg = Release|Any CPU
		{41B29770-692D-4A19-AD22-D4497E7307F4}.Release|x86.Build.0 = Release|Any CPU
		{906C41AA-3BDB-42A3-BFF4-43473B1C580B}.Debug|Any CPU.ActiveCfg = Debug|Any CPU
		{906C41AA-3BDB-42A3-BFF4-43473B1C580B}.Debug|Any CPU.Build.0 = Debug|Any CPU
		{906C41AA-3BDB-42A3-BFF4-43473B1C580B}.Debug|ARM64.ActiveCfg = Debug|Any CPU
		{906C41AA-3BDB-42A3-BFF4-43473B1C580B}.Debug|ARM64.Build.0 = Debug|Any CPU
		{906C41AA-3BDB-42A3-BFF4-43473B1C580B}.Debug|x64.ActiveCfg = Debug|Any CPU
		{906C41AA-3BDB-42A3-BFF4-43473B1C580B}.Debug|x64.Build.0 = Debug|Any CPU
		{906C41AA-3BDB-42A3-BFF4-43473B1C580B}.Debug|x86.ActiveCfg = Debug|Any CPU
		{906C41AA-3BDB-42A3-BFF4-43473B1C580B}.Debug|x86.Build.0 = Debug|Any CPU
		{906C41AA-3BDB-42A3-BFF4-43473B1C580B}.Release|Any CPU.ActiveCfg = Release|Any CPU
		{906C41AA-3BDB-42A3-BFF4-43473B1C580B}.Release|Any CPU.Build.0 = Release|Any CPU
		{906C41AA-3BDB-42A3-BFF4-43473B1C580B}.Release|ARM64.ActiveCfg = Release|Any CPU
		{906C41AA-3BDB-42A3-BFF4-43473B1C580B}.Release|ARM64.Build.0 = Release|Any CPU
		{906C41AA-3BDB-42A3-BFF4-43473B1C580B}.Release|x64.ActiveCfg = Release|Any CPU
		{906C41AA-3BDB-42A3-BFF4-43473B1C580B}.Release|x64.Build.0 = Release|Any CPU
		{906C41AA-3BDB-42A3-BFF4-43473B1C580B}.Release|x86.ActiveCfg = Release|Any CPU
		{906C41AA-3BDB-42A3-BFF4-43473B1C580B}.Release|x86.Build.0 = Release|Any CPU
		{E54CCBD4-9057-4A27-9EBF-6EEFECC6CC30}.Debug|Any CPU.ActiveCfg = Debug|Any CPU
		{E54CCBD4-9057-4A27-9EBF-6EEFECC6CC30}.Debug|Any CPU.Build.0 = Debug|Any CPU
		{E54CCBD4-9057-4A27-9EBF-6EEFECC6CC30}.Debug|ARM64.ActiveCfg = Debug|Any CPU
		{E54CCBD4-9057-4A27-9EBF-6EEFECC6CC30}.Debug|ARM64.Build.0 = Debug|Any CPU
		{E54CCBD4-9057-4A27-9EBF-6EEFECC6CC30}.Debug|x64.ActiveCfg = Debug|Any CPU
		{E54CCBD4-9057-4A27-9EBF-6EEFECC6CC30}.Debug|x64.Build.0 = Debug|Any CPU
		{E54CCBD4-9057-4A27-9EBF-6EEFECC6CC30}.Debug|x86.ActiveCfg = Debug|Any CPU
		{E54CCBD4-9057-4A27-9EBF-6EEFECC6CC30}.Debug|x86.Build.0 = Debug|Any CPU
		{E54CCBD4-9057-4A27-9EBF-6EEFECC6CC30}.Release|Any CPU.ActiveCfg = Release|Any CPU
		{E54CCBD4-9057-4A27-9EBF-6EEFECC6CC30}.Release|Any CPU.Build.0 = Release|Any CPU
		{E54CCBD4-9057-4A27-9EBF-6EEFECC6CC30}.Release|ARM64.ActiveCfg = Release|Any CPU
		{E54CCBD4-9057-4A27-9EBF-6EEFECC6CC30}.Release|ARM64.Build.0 = Release|Any CPU
		{E54CCBD4-9057-4A27-9EBF-6EEFECC6CC30}.Release|x64.ActiveCfg = Release|Any CPU
		{E54CCBD4-9057-4A27-9EBF-6EEFECC6CC30}.Release|x64.Build.0 = Release|Any CPU
		{E54CCBD4-9057-4A27-9EBF-6EEFECC6CC30}.Release|x86.ActiveCfg = Release|Any CPU
		{E54CCBD4-9057-4A27-9EBF-6EEFECC6CC30}.Release|x86.Build.0 = Release|Any CPU
		{9E63B243-EFD7-4EB1-9E5D-4619690A40C9}.Debug|Any CPU.ActiveCfg = Debug|Any CPU
		{9E63B243-EFD7-4EB1-9E5D-4619690A40C9}.Debug|Any CPU.Build.0 = Debug|Any CPU
		{9E63B243-EFD7-4EB1-9E5D-4619690A40C9}.Debug|ARM64.ActiveCfg = Debug|Any CPU
		{9E63B243-EFD7-4EB1-9E5D-4619690A40C9}.Debug|ARM64.Build.0 = Debug|Any CPU
		{9E63B243-EFD7-4EB1-9E5D-4619690A40C9}.Debug|x64.ActiveCfg = Debug|Any CPU
		{9E63B243-EFD7-4EB1-9E5D-4619690A40C9}.Debug|x64.Build.0 = Debug|Any CPU
		{9E63B243-EFD7-4EB1-9E5D-4619690A40C9}.Debug|x86.ActiveCfg = Debug|Any CPU
		{9E63B243-EFD7-4EB1-9E5D-4619690A40C9}.Debug|x86.Build.0 = Debug|Any CPU
		{9E63B243-EFD7-4EB1-9E5D-4619690A40C9}.Release|Any CPU.ActiveCfg = Release|Any CPU
		{9E63B243-EFD7-4EB1-9E5D-4619690A40C9}.Release|Any CPU.Build.0 = Release|Any CPU
		{9E63B243-EFD7-4EB1-9E5D-4619690A40C9}.Release|ARM64.ActiveCfg = Release|Any CPU
		{9E63B243-EFD7-4EB1-9E5D-4619690A40C9}.Release|ARM64.Build.0 = Release|Any CPU
		{9E63B243-EFD7-4EB1-9E5D-4619690A40C9}.Release|x64.ActiveCfg = Release|Any CPU
		{9E63B243-EFD7-4EB1-9E5D-4619690A40C9}.Release|x64.Build.0 = Release|Any CPU
		{9E63B243-EFD7-4EB1-9E5D-4619690A40C9}.Release|x86.ActiveCfg = Release|Any CPU
		{9E63B243-EFD7-4EB1-9E5D-4619690A40C9}.Release|x86.Build.0 = Release|Any CPU
		{94FD065B-4950-495E-ABA3-54B915CDAB8B}.Debug|Any CPU.ActiveCfg = Debug|Any CPU
		{94FD065B-4950-495E-ABA3-54B915CDAB8B}.Debug|Any CPU.Build.0 = Debug|Any CPU
		{94FD065B-4950-495E-ABA3-54B915CDAB8B}.Debug|ARM64.ActiveCfg = Debug|Any CPU
		{94FD065B-4950-495E-ABA3-54B915CDAB8B}.Debug|ARM64.Build.0 = Debug|Any CPU
		{94FD065B-4950-495E-ABA3-54B915CDAB8B}.Debug|x64.ActiveCfg = Debug|Any CPU
		{94FD065B-4950-495E-ABA3-54B915CDAB8B}.Debug|x64.Build.0 = Debug|Any CPU
		{94FD065B-4950-495E-ABA3-54B915CDAB8B}.Debug|x86.ActiveCfg = Debug|Any CPU
		{94FD065B-4950-495E-ABA3-54B915CDAB8B}.Debug|x86.Build.0 = Debug|Any CPU
		{94FD065B-4950-495E-ABA3-54B915CDAB8B}.Release|Any CPU.ActiveCfg = Release|Any CPU
		{94FD065B-4950-495E-ABA3-54B915CDAB8B}.Release|Any CPU.Build.0 = Release|Any CPU
		{94FD065B-4950-495E-ABA3-54B915CDAB8B}.Release|ARM64.ActiveCfg = Release|Any CPU
		{94FD065B-4950-495E-ABA3-54B915CDAB8B}.Release|ARM64.Build.0 = Release|Any CPU
		{94FD065B-4950-495E-ABA3-54B915CDAB8B}.Release|x64.ActiveCfg = Release|Any CPU
		{94FD065B-4950-495E-ABA3-54B915CDAB8B}.Release|x64.Build.0 = Release|Any CPU
		{94FD065B-4950-495E-ABA3-54B915CDAB8B}.Release|x86.ActiveCfg = Release|Any CPU
		{94FD065B-4950-495E-ABA3-54B915CDAB8B}.Release|x86.Build.0 = Release|Any CPU
		{D803DF8B-5A2F-407F-A274-B15254CF3046}.Debug|Any CPU.ActiveCfg = Debug|x64
		{D803DF8B-5A2F-407F-A274-B15254CF3046}.Debug|Any CPU.Build.0 = Debug|x64
		{D803DF8B-5A2F-407F-A274-B15254CF3046}.Debug|Any CPU.Deploy.0 = Debug|x64
		{D803DF8B-5A2F-407F-A274-B15254CF3046}.Debug|ARM64.ActiveCfg = Debug|ARM64
		{D803DF8B-5A2F-407F-A274-B15254CF3046}.Debug|ARM64.Build.0 = Debug|ARM64
		{D803DF8B-5A2F-407F-A274-B15254CF3046}.Debug|ARM64.Deploy.0 = Debug|ARM64
		{D803DF8B-5A2F-407F-A274-B15254CF3046}.Debug|x64.ActiveCfg = Debug|x64
		{D803DF8B-5A2F-407F-A274-B15254CF3046}.Debug|x64.Build.0 = Debug|x64
		{D803DF8B-5A2F-407F-A274-B15254CF3046}.Debug|x64.Deploy.0 = Debug|x64
		{D803DF8B-5A2F-407F-A274-B15254CF3046}.Debug|x86.ActiveCfg = Debug|x86
		{D803DF8B-5A2F-407F-A274-B15254CF3046}.Debug|x86.Build.0 = Debug|x86
		{D803DF8B-5A2F-407F-A274-B15254CF3046}.Debug|x86.Deploy.0 = Debug|x86
		{D803DF8B-5A2F-407F-A274-B15254CF3046}.Release|Any CPU.ActiveCfg = Release|x64
		{D803DF8B-5A2F-407F-A274-B15254CF3046}.Release|Any CPU.Build.0 = Release|x64
		{D803DF8B-5A2F-407F-A274-B15254CF3046}.Release|Any CPU.Deploy.0 = Release|x64
		{D803DF8B-5A2F-407F-A274-B15254CF3046}.Release|ARM64.ActiveCfg = Release|ARM64
		{D803DF8B-5A2F-407F-A274-B15254CF3046}.Release|ARM64.Build.0 = Release|ARM64
		{D803DF8B-5A2F-407F-A274-B15254CF3046}.Release|ARM64.Deploy.0 = Release|ARM64
		{D803DF8B-5A2F-407F-A274-B15254CF3046}.Release|x64.ActiveCfg = Release|x64
		{D803DF8B-5A2F-407F-A274-B15254CF3046}.Release|x64.Build.0 = Release|x64
		{D803DF8B-5A2F-407F-A274-B15254CF3046}.Release|x64.Deploy.0 = Release|x64
		{D803DF8B-5A2F-407F-A274-B15254CF3046}.Release|x86.ActiveCfg = Release|x86
		{D803DF8B-5A2F-407F-A274-B15254CF3046}.Release|x86.Build.0 = Release|x86
		{D803DF8B-5A2F-407F-A274-B15254CF3046}.Release|x86.Deploy.0 = Release|x86
		{0C16CE9A-038C-411A-B3A6-33FFDFFFAEA6}.Debug|Any CPU.ActiveCfg = Debug|x64
		{0C16CE9A-038C-411A-B3A6-33FFDFFFAEA6}.Debug|Any CPU.Build.0 = Debug|x64
		{0C16CE9A-038C-411A-B3A6-33FFDFFFAEA6}.Debug|Any CPU.Deploy.0 = Debug|x64
		{0C16CE9A-038C-411A-B3A6-33FFDFFFAEA6}.Debug|ARM64.ActiveCfg = Debug|ARM64
		{0C16CE9A-038C-411A-B3A6-33FFDFFFAEA6}.Debug|ARM64.Build.0 = Debug|ARM64
		{0C16CE9A-038C-411A-B3A6-33FFDFFFAEA6}.Debug|ARM64.Deploy.0 = Debug|ARM64
		{0C16CE9A-038C-411A-B3A6-33FFDFFFAEA6}.Debug|x64.ActiveCfg = Debug|x64
		{0C16CE9A-038C-411A-B3A6-33FFDFFFAEA6}.Debug|x64.Build.0 = Debug|x64
		{0C16CE9A-038C-411A-B3A6-33FFDFFFAEA6}.Debug|x64.Deploy.0 = Debug|x64
		{0C16CE9A-038C-411A-B3A6-33FFDFFFAEA6}.Debug|x86.ActiveCfg = Debug|x86
		{0C16CE9A-038C-411A-B3A6-33FFDFFFAEA6}.Debug|x86.Build.0 = Debug|x86
		{0C16CE9A-038C-411A-B3A6-33FFDFFFAEA6}.Debug|x86.Deploy.0 = Debug|x86
		{0C16CE9A-038C-411A-B3A6-33FFDFFFAEA6}.Release|Any CPU.ActiveCfg = Release|x64
		{0C16CE9A-038C-411A-B3A6-33FFDFFFAEA6}.Release|Any CPU.Build.0 = Release|x64
		{0C16CE9A-038C-411A-B3A6-33FFDFFFAEA6}.Release|Any CPU.Deploy.0 = Release|x64
		{0C16CE9A-038C-411A-B3A6-33FFDFFFAEA6}.Release|ARM64.ActiveCfg = Release|ARM64
		{0C16CE9A-038C-411A-B3A6-33FFDFFFAEA6}.Release|ARM64.Build.0 = Release|ARM64
		{0C16CE9A-038C-411A-B3A6-33FFDFFFAEA6}.Release|ARM64.Deploy.0 = Release|ARM64
		{0C16CE9A-038C-411A-B3A6-33FFDFFFAEA6}.Release|x64.ActiveCfg = Release|x64
		{0C16CE9A-038C-411A-B3A6-33FFDFFFAEA6}.Release|x64.Build.0 = Release|x64
		{0C16CE9A-038C-411A-B3A6-33FFDFFFAEA6}.Release|x64.Deploy.0 = Release|x64
		{0C16CE9A-038C-411A-B3A6-33FFDFFFAEA6}.Release|x86.ActiveCfg = Release|x86
		{0C16CE9A-038C-411A-B3A6-33FFDFFFAEA6}.Release|x86.Build.0 = Release|x86
		{0C16CE9A-038C-411A-B3A6-33FFDFFFAEA6}.Release|x86.Deploy.0 = Release|x86
	EndGlobalSection
	GlobalSection(SolutionProperties) = preSolution
		HideSolutionNode = FALSE
	EndGlobalSection
	GlobalSection(NestedProjects) = preSolution
		{19E6921D-F4CB-46FC-BD73-682BE13189ED} = {01EDC77C-4D20-4ACD-9ACB-3A1C7A9D6897}
		{41B29770-692D-4A19-AD22-D4497E7307F4} = {01EDC77C-4D20-4ACD-9ACB-3A1C7A9D6897}
		{906C41AA-3BDB-42A3-BFF4-43473B1C580B} = {FAE18521-5192-4ABD-9F76-5EE16C698436}
		{E54CCBD4-9057-4A27-9EBF-6EEFECC6CC30} = {FAE18521-5192-4ABD-9F76-5EE16C698436}
		{9E63B243-EFD7-4EB1-9E5D-4619690A40C9} = {E0747249-38BC-495D-B654-73CDB54EB377}
		{94FD065B-4950-495E-ABA3-54B915CDAB8B} = {E0747249-38BC-495D-B654-73CDB54EB377}
		{D803DF8B-5A2F-407F-A274-B15254CF3046} = {3771DDF1-7701-4CEE-A888-F143E8178A06}
		{0C16CE9A-038C-411A-B3A6-33FFDFFFAEA6} = {3771DDF1-7701-4CEE-A888-F143E8178A06}
	EndGlobalSection
	GlobalSection(ExtensibilityGlobals) = postSolution
		SolutionGuid = {9A66BBE6-D014-4295-82C1-3D9EBBB261B5}
	EndGlobalSection
EndGlobal
